
Microsoft Visual Studio Solution File, Format Version 9.00
# Visual Studio 2005
Project("{FAE04EC0-301F-11D3-BF4B-00C04F79EFBC}") = "GuestBook", "Production\GuestBook\GuestBook.csproj", "{719EA919-682E-4171-8D5A-F527A2C2DD3F}"
	ProjectSection(WebsiteProperties) = preProject
		Debug.AspNetCompiler.Debug = "True"
		Release.AspNetCompiler.Debug = "False"
	EndProjectSection
EndProject
Project("{FAE04EC0-301F-11D3-BF4B-00C04F79EFBC}") = "GuestBook.Test", "Unit Test\GuestBook.Test\GuestBook.Test.csproj", "{63677AD4-FC3A-479F-94F8-54D0514207A0}"
	ProjectSection(WebsiteProperties) = preProject
		Debug.AspNetCompiler.Debug = "True"
		Release.AspNetCompiler.Debug = "False"
	EndProjectSection
EndProject
Global
	GlobalSection(SolutionConfigurationPlatforms) = preSolution
		Debug|Any CPU = Debug|Any CPU
		Release|Any CPU = Release|Any CPU
	EndGlobalSection
	GlobalSection(ProjectConfigurationPlatforms) = postSolution
		{719EA919-682E-4171-8D5A-F527A2C2DD3F}.Debug|Any CPU.ActiveCfg = Debug|Any CPU
		{719EA919-682E-4171-8D5A-F527A2C2DD3F}.Debug|Any CPU.Build.0 = Debug|Any CPU
		{719EA919-682E-4171-8D5A-F527A2C2DD3F}.Release|Any CPU.ActiveCfg = Release|Any CPU
		{719EA919-682E-4171-8D5A-F527A2C2DD3F}.Release|Any CPU.Build.0 = Release|Any CPU
		{63677AD4-FC3A-479F-94F8-54D0514207A0}.Debug|Any CPU.ActiveCfg = Debug|Any CPU
		{63677AD4-FC3A-479F-94F8-54D0514207A0}.Debug|Any CPU.Build.0 = Debug|Any CPU
		{63677AD4-FC3A-479F-94F8-54D0514207A0}.Release|Any CPU.ActiveCfg = Release|Any CPU
		{63677AD4-FC3A-479F-94F8-54D0514207A0}.Release|Any CPU.Build.0 = Release|Any CPU
	EndGlobalSection
	GlobalSection(SolutionProperties) = preSolution
		HideSolutionNode = FALSE
	EndGlobalSection
EndGlobal
