
Microsoft Visual Studio Solution File, Format Version 9.00
# Visual Studio 2005
Project("{FAE04EC0-301F-11D3-BF4B-00C04F79EFBC}") = "TestSubject", "Production\TestSubject\TestSubject.csproj", "{C22F3ED2-E11D-430B-B351-1E68AC51D4CA}"
	ProjectSection(WebsiteProperties) = preProject
		Debug.AspNetCompiler.Debug = "True"
		Release.AspNetCompiler.Debug = "False"
	EndProjectSection
EndProject
Project("{FAE04EC0-301F-11D3-BF4B-00C04F79EFBC}") = "UnitTests", "Unit Test\UnitTests\UnitTests.csproj", "{25F87042-D049-493B-9BAF-2DA968AE1273}"
	ProjectSection(WebsiteProperties) = preProject
		Debug.AspNetCompiler.Debug = "True"
		Release.AspNetCompiler.Debug = "False"
	EndProjectSection
EndProject
Global
	GlobalSection(SolutionConfigurationPlatforms) = preSolution
		Debug|Any CPU = Debug|Any CPU
		Release|Any CPU = Release|Any CPU
	EndGlobalSection
	GlobalSection(ProjectConfigurationPlatforms) = postSolution
		{C22F3ED2-E11D-430B-B351-1E68AC51D4CA}.Debug|Any CPU.ActiveCfg = Debug|Any CPU
		{C22F3ED2-E11D-430B-B351-1E68AC51D4CA}.Debug|Any CPU.Build.0 = Debug|Any CPU
		{C22F3ED2-E11D-430B-B351-1E68AC51D4CA}.Release|Any CPU.ActiveCfg = Release|Any CPU
		{C22F3ED2-E11D-430B-B351-1E68AC51D4CA}.Release|Any CPU.Build.0 = Release|Any CPU
		{25F87042-D049-493B-9BAF-2DA968AE1273}.Debug|Any CPU.ActiveCfg = Debug|Any CPU
		{25F87042-D049-493B-9BAF-2DA968AE1273}.Debug|Any CPU.Build.0 = Debug|Any CPU
		{25F87042-D049-493B-9BAF-2DA968AE1273}.Release|Any CPU.ActiveCfg = Release|Any CPU
		{25F87042-D049-493B-9BAF-2DA968AE1273}.Release|Any CPU.Build.0 = Release|Any CPU
	EndGlobalSection
	GlobalSection(SolutionProperties) = preSolution
		HideSolutionNode = FALSE
	EndGlobalSection
EndGlobal
