
Microsoft Visual Studio Solution File, Format Version 9.00
# Visual Studio 2005
Project("{FAE04EC0-301F-11D3-BF4B-00C04F79EFBC}") = "Foundation", "Production\Foundation\Foundation.csproj", "{BC89E437-9DC2-42DB-85BA-1D6FD1FAEDBE}"
EndProject
Project("{FAE04EC0-301F-11D3-BF4B-00C04F79EFBC}") = "CI Installer", "Production\CI Installer\CI Installer.csproj", "{AD0DAE5E-A366-49A1-9122-B2093AB16E2B}"
EndProject
Project("{2150E333-8FDC-42A3-9474-1A3956D46DE8}") = "Packages", "Packages", "{5915E34D-25E0-4BB3-B3B3-D7FA5F71B631}"
EndProject
Project("{FAE04EC0-301F-11D3-BF4B-00C04F79EFBC}") = "Deployment", "Production\Packages\Deployment\Deployment.csproj", "{744AFE04-769B-447F-81B2-9B283BD8219E}"
EndProject
Project("{FAE04EC0-301F-11D3-BF4B-00C04F79EFBC}") = "Tracker", "Production\Packages\Tracker\Tracker.csproj", "{D4C8C890-0DF5-4612-AF4F-F82CDE0A2E04}"
EndProject
Project("{2150E333-8FDC-42A3-9474-1A3956D46DE8}") = "CI Installer", "CI Installer", "{C91D6A34-9178-48E8-9960-6C9D710FD399}"
EndProject
Project("{2150E333-8FDC-42A3-9474-1A3956D46DE8}") = "Unit Test", "Unit Test", "{4AA36A51-F589-4A0F-96D7-C09E6DDBAD94}"
EndProject
Project("{FAE04EC0-301F-11D3-BF4B-00C04F79EFBC}") = "Test.Tracker", "Unit Test\Packages\Test.Tracker\Test.Tracker.csproj", "{65D87CD1-4049-446A-996C-DCEC30449CDD}"
EndProject
Project("{2150E333-8FDC-42A3-9474-1A3956D46DE8}") = "Common", "Common", "{6EFF764A-0C98-4366-A9D2-3445B27A333B}"
EndProject
Project("{F184B08F-C81C-45F6-A57F-5ABD9991F28F}") = "Common.Tasks", "Production\Common\Common.Tasks\Common.Tasks.vbproj", "{ADB63057-43C2-4073-AED1-2401F47F140A}"
EndProject
Project("{FAE04EC0-301F-11D3-BF4B-00C04F79EFBC}") = "DotNetUnitTest", "Production\Packages\DotNetUnitTest\DotNetUnitTest.csproj", "{74C7FD0A-DA42-4CEF-85DC-C3FBD323A543}"
EndProject
Project("{FAE04EC0-301F-11D3-BF4B-00C04F79EFBC}") = "InstallShield", "Production\Packages\InstallShield\InstallShield.csproj", "{3E2EE397-A00B-4CE3-9E73-8FEC69641E7B}"
EndProject
Project("{FAE04EC0-301F-11D3-BF4B-00C04F79EFBC}") = "SourceModificationReport", "Production\Packages\SourceModificationReport\SourceModificationReport.csproj", "{A20B8DB9-182B-4930-95D4-F6692DA6AEB2}"
EndProject
Project("{FAE04EC0-301F-11D3-BF4B-00C04F79EFBC}") = "Versioning", "Production\Packages\Versioning\Versioning.csproj", "{B0D56C9A-1198-4E60-A0A1-D764A08EA470}"
EndProject
Project("{FAE04EC0-301F-11D3-BF4B-00C04F79EFBC}") = "VisualSourceSafe", "Production\Packages\VisualSourceSafe\VisualSourceSafe.csproj", "{9A9CA364-4937-47F1-A74B-AF4669C5A4DC}"
EndProject
Project("{FAE04EC0-301F-11D3-BF4B-00C04F79EFBC}") = "VS.NETCompile", "Production\Packages\VS.NETCompile\VS.NETCompile.csproj", "{83DAB51C-AF7C-4BC2-BEE7-C42C342FC441}"
EndProject
Project("{F184B08F-C81C-45F6-A57F-5ABD9991F28F}") = "VSS.Tasks", "Production\Common\VSS.Tasks\VSS.Tasks.vbproj", "{59AA4906-A033-4FE3-91CC-3CC5FBFA8DE1}"
EndProject
Project("{2150E333-8FDC-42A3-9474-1A3956D46DE8}") = "CI Factory Packager", "CI Factory Packager", "{4B9FB8AD-C291-466A-A3D6-F8EDA29B9682}"
	ProjectSection(SolutionItems) = preProject
		Install\CI Factory\Packager.xml = Install\CI Factory\Packager.xml
	EndProjectSection
EndProject
Project("{2150E333-8FDC-42A3-9474-1A3956D46DE8}") = "Solution Items", "Solution Items", "{0ADB5ADA-5BB9-44F4-BE2C-3A483689E5E1}"
	ProjectSection(SolutionItems) = preProject
		NAnt.xsd = NAnt.xsd
		NAnt.xsx = NAnt.xsx
		ProjectInfo.cs = ProjectInfo.cs
		ProjectInfo.vb = ProjectInfo.vb
	EndProjectSection
EndProject
Project("{2150E333-8FDC-42A3-9474-1A3956D46DE8}") = "DevEnv", "DevEnv", "{99DC314B-B5A3-4B77-9C47-205C2EA23293}"
EndProject
Project("{FAE04EC0-301F-11D3-BF4B-00C04F79EFBC}") = "SetupScripts", "DevEnv\SetupScripts\SetupScripts.csproj", "{07F2507D-836F-4C41-87A6-9498222A65A8}"
EndProject
Project("{FAE04EC0-301F-11D3-BF4B-00C04F79EFBC}") = "Subversion", "Production\Packages\Subversion\Subversion.csproj", "{0B5660AE-8D08-4EEB-BE9E-7A24437003DA}"
EndProject
Project("{FAE04EC0-301F-11D3-BF4B-00C04F79EFBC}") = "CoverageEye", "Production\Packages\CoverageEye\CoverageEye.csproj", "{20C9D683-9128-4B08-B6DC-E4048479C045}"
EndProject
Project("{2150E333-8FDC-42A3-9474-1A3956D46DE8}") = "nAnt Scratch", "nAnt Scratch", "{3C400F6D-4825-421F-A9DB-7C57B18BF12B}"
	ProjectSection(SolutionItems) = preProject
		nAnt Scratch\Scratch.build.xml = nAnt Scratch\Scratch.build.xml
	EndProjectSection
EndProject
Project("{FAE04EC0-301F-11D3-BF4B-00C04F79EFBC}") = "nDepend", "Production\Packages\nDepend\nDepend.csproj", "{97388DC2-FD77-4A99-9F4D-FFDD01007C78}"
EndProject
Project("{FAE04EC0-301F-11D3-BF4B-00C04F79EFBC}") = "TestCoverageAttributes", "Production\Common\TestCoverage\TestCoverageAttributes.csproj", "{80031A14-DF87-4AE6-94AE-348AA8BE0936}"
EndProject
Project("{FAE04EC0-301F-11D3-BF4B-00C04F79EFBC}") = "TestCoverage", "Production\Packages\TestCoverage\TestCoverage.csproj", "{A795794B-5076-409A-991B-F5EE9A1555FE}"
EndProject
Project("{FAE04EC0-301F-11D3-BF4B-00C04F79EFBC}") = "TestCoverageRunner", "Production\Common\TestCoverageRunner\TestCoverageRunner.csproj", "{458E6146-3073-4546-A30F-63B122BE4C9F}"
EndProject
Project("{FAE04EC0-301F-11D3-BF4B-00C04F79EFBC}") = "Common.Functions", "Production\Common\Common.Functions\Common.Functions.csproj", "{9147F7CE-B270-449A-B6EC-E9859FD68D7D}"
EndProject
Project("{FAE04EC0-301F-11D3-BF4B-00C04F79EFBC}") = "nCover.Tasks", "Production\Common\nCover.Tasks\nCover.Tasks.csproj", "{884697FF-62F6-4EBA-8B21-22D30691CDEF}"
EndProject
Project("{FAE04EC0-301F-11D3-BF4B-00C04F79EFBC}") = "VSTS.Tasks", "Production\Common\VSTS.Tasks\VSTS.Tasks.csproj", "{F41266B3-ACE6-4ABD-BE95-F94B1675BB91}"
EndProject
Project("{FAE04EC0-301F-11D3-BF4B-00C04F79EFBC}") = "CCNET.Extensions", "Production\Common\CCNET.Extensions\CCNET.Extensions.csproj", "{160AD2B8-639E-4C91-A050-C14193D7481B}"
EndProject
Project("{FAE04EC0-301F-11D3-BF4B-00C04F79EFBC}") = "Tracker.Common", "Production\Common\Tracker.Common\Tracker.Common.csproj", "{AEC5D271-59E7-4B6A-B0C7-07C2D637206F}"
EndProject
Project("{FAE04EC0-301F-11D3-BF4B-00C04F79EFBC}") = "Tracker.CCNET.Plugin", "Production\Common\Tracker.CCNET.Plugin\Tracker.CCNET.Plugin.csproj", "{A690B211-007B-4D30-9E3C-8F35E432C54E}"
EndProject
Project("{FAE04EC0-301F-11D3-BF4B-00C04F79EFBC}") = "Test.CCNET.Extensions", "Unit Test\Common\Test.CCNET.Extensions\Test.CCNET.Extensions.csproj", "{1A02B89E-7A4B-440E-B9F0-086F6376D795}"
EndProject
Project("{FAE04EC0-301F-11D3-BF4B-00C04F79EFBC}") = "CCNET.Dashboard.Extensions", "Production\Common\CCNET.Dashboard.Extensions\CCNET.Dashboard.Extensions.csproj", "{1182F464-05FD-4EED-BDF6-C93CEBA5E529}"
EndProject
Project("{FAE04EC0-301F-11D3-BF4B-00C04F79EFBC}") = "Xml.Tasks", "Production\Common\Xml.Tasks\Xml.Tasks.csproj", "{595AC33D-2727-41D8-8DEC-5A549469B406}"
EndProject
Project("{FAE04EC0-301F-11D3-BF4B-00C04F79EFBC}") = "Analytics", "Production\Packages\Analytics\Analytics.csproj", "{4AAD5405-4B78-4641-A07E-AAF3F8C5B4E6}"
EndProject
Project("{FAE04EC0-301F-11D3-BF4B-00C04F79EFBC}") = "NCover", "Production\Packages\NCover\NCover.csproj", "{59ABB787-34E4-467C-87E5-26C77129097A}"
EndProject
Project("{FAE04EC0-301F-11D3-BF4B-00C04F79EFBC}") = "MSTest", "Production\Packages\MSTest\MSTest.csproj", "{7C0462A5-9B05-4BD1-BF8C-D3486142BAA6}"
EndProject
Project("{FAE04EC0-301F-11D3-BF4B-00C04F79EFBC}") = "Backup", "Production\Packages\Backup\Backup.csproj", "{BBDCA51D-4E42-4E77-ACC8-567C0FB84933}"
EndProject
Project("{FAE04EC0-301F-11D3-BF4B-00C04F79EFBC}") = "Simian", "Production\Packages\Simian\Simian.csproj", "{A3132180-E4EE-4052-95BF-230CA2B6E637}"
EndProject
Project("{FAE04EC0-301F-11D3-BF4B-00C04F79EFBC}") = "LinesOfCode", "Production\Packages\LinesOfCode\LinesOfCode.csproj", "{62AC19FF-AB08-437C-9E16-85CC4D0FAD11}"
EndProject
Project("{FAE04EC0-301F-11D3-BF4B-00C04F79EFBC}") = "VSTSVersionControl", "Production\Packages\VSTSVersionControl\VSTSVersionControl.csproj", "{0C997AFA-ECB6-4C60-AEE6-A5C5DF368037}"
EndProject
Project("{FAE04EC0-301F-11D3-BF4B-00C04F79EFBC}") = "TF.Tasks", "Production\Common\TF.Tasks\TF.Tasks.csproj", "{2BDCF9AB-466A-4A15-BC57-E9D6E725A3BB}"
EndProject
Project("{FAE04EC0-301F-11D3-BF4B-00C04F79EFBC}") = "Test.TF.Tasks", "Unit Test\Common\Test.TF.Tasks\Test.TF.Tasks.csproj", "{EE6F9B28-5BE3-4058-86A7-110FBB6DA81A}"
EndProject
Project("{FAE04EC0-301F-11D3-BF4B-00C04F79EFBC}") = "CCNET.TFS.Plugin", "Production\Common\CCNET.TFS.Plugin\CCNET.TFS.Plugin.csproj", "{2B14D260-6E25-437A-A8C2-32A0E948D63D}"
EndProject
Global
	GlobalSection(SolutionConfigurationPlatforms) = preSolution
		Debug|.NET 1.1 = Debug|.NET 1.1
		Debug|Any CPU = Debug|Any CPU
		Release|.NET 1.1 = Release|.NET 1.1
		Release|Any CPU = Release|Any CPU
	EndGlobalSection
	GlobalSection(ProjectConfigurationPlatforms) = postSolution
		{BC89E437-9DC2-42DB-85BA-1D6FD1FAEDBE}.Debug|.NET 1.1.ActiveCfg = Debug|Any CPU
		{BC89E437-9DC2-42DB-85BA-1D6FD1FAEDBE}.Debug|Any CPU.ActiveCfg = Debug|Any CPU
		{BC89E437-9DC2-42DB-85BA-1D6FD1FAEDBE}.Release|.NET 1.1.ActiveCfg = Release|Any CPU
		{BC89E437-9DC2-42DB-85BA-1D6FD1FAEDBE}.Release|Any CPU.ActiveCfg = Release|Any CPU
		{AD0DAE5E-A366-49A1-9122-B2093AB16E2B}.Debug|.NET 1.1.ActiveCfg = Debug|Any CPU
		{AD0DAE5E-A366-49A1-9122-B2093AB16E2B}.Debug|Any CPU.ActiveCfg = Debug|Any CPU
		{AD0DAE5E-A366-49A1-9122-B2093AB16E2B}.Release|.NET 1.1.ActiveCfg = Release|Any CPU
		{AD0DAE5E-A366-49A1-9122-B2093AB16E2B}.Release|Any CPU.ActiveCfg = Release|Any CPU
		{744AFE04-769B-447F-81B2-9B283BD8219E}.Debug|.NET 1.1.ActiveCfg = Debug|Any CPU
		{744AFE04-769B-447F-81B2-9B283BD8219E}.Debug|Any CPU.ActiveCfg = Debug|Any CPU
		{744AFE04-769B-447F-81B2-9B283BD8219E}.Release|.NET 1.1.ActiveCfg = Release|Any CPU
		{744AFE04-769B-447F-81B2-9B283BD8219E}.Release|Any CPU.ActiveCfg = Release|Any CPU
		{D4C8C890-0DF5-4612-AF4F-F82CDE0A2E04}.Debug|.NET 1.1.ActiveCfg = Debug|.NET 1.1
		{D4C8C890-0DF5-4612-AF4F-F82CDE0A2E04}.Debug|.NET 1.1.Build.0 = Debug|.NET 1.1
		{D4C8C890-0DF5-4612-AF4F-F82CDE0A2E04}.Debug|Any CPU.ActiveCfg = Debug|Any CPU
		{D4C8C890-0DF5-4612-AF4F-F82CDE0A2E04}.Debug|Any CPU.Build.0 = Debug|Any CPU
		{D4C8C890-0DF5-4612-AF4F-F82CDE0A2E04}.Release|.NET 1.1.ActiveCfg = Release|.NET 1.1
		{D4C8C890-0DF5-4612-AF4F-F82CDE0A2E04}.Release|.NET 1.1.Build.0 = Release|.NET 1.1
		{D4C8C890-0DF5-4612-AF4F-F82CDE0A2E04}.Release|Any CPU.ActiveCfg = Release|Any CPU
		{D4C8C890-0DF5-4612-AF4F-F82CDE0A2E04}.Release|Any CPU.Build.0 = Release|Any CPU
		{65D87CD1-4049-446A-996C-DCEC30449CDD}.Debug|.NET 1.1.ActiveCfg = Debug|Any CPU
		{65D87CD1-4049-446A-996C-DCEC30449CDD}.Debug|.NET 1.1.Build.0 = Debug|Any CPU
		{65D87CD1-4049-446A-996C-DCEC30449CDD}.Debug|Any CPU.ActiveCfg = Debug|Any CPU
		{65D87CD1-4049-446A-996C-DCEC30449CDD}.Debug|Any CPU.Build.0 = Debug|Any CPU
		{65D87CD1-4049-446A-996C-DCEC30449CDD}.Release|.NET 1.1.ActiveCfg = Release|Any CPU
		{65D87CD1-4049-446A-996C-DCEC30449CDD}.Release|Any CPU.ActiveCfg = Release|Any CPU
		{65D87CD1-4049-446A-996C-DCEC30449CDD}.Release|Any CPU.Build.0 = Release|Any CPU
		{ADB63057-43C2-4073-AED1-2401F47F140A}.Debug|.NET 1.1.ActiveCfg = Debug|Any CPU
		{ADB63057-43C2-4073-AED1-2401F47F140A}.Debug|Any CPU.ActiveCfg = Debug|Any CPU
		{ADB63057-43C2-4073-AED1-2401F47F140A}.Debug|Any CPU.Build.0 = Debug|Any CPU
		{ADB63057-43C2-4073-AED1-2401F47F140A}.Release|.NET 1.1.ActiveCfg = Release|Any CPU
		{ADB63057-43C2-4073-AED1-2401F47F140A}.Release|Any CPU.ActiveCfg = Release|Any CPU
		{ADB63057-43C2-4073-AED1-2401F47F140A}.Release|Any CPU.Build.0 = Release|Any CPU
		{74C7FD0A-DA42-4CEF-85DC-C3FBD323A543}.Debug|.NET 1.1.ActiveCfg = Debug|Any CPU
		{74C7FD0A-DA42-4CEF-85DC-C3FBD323A543}.Debug|Any CPU.ActiveCfg = Debug|Any CPU
		{74C7FD0A-DA42-4CEF-85DC-C3FBD323A543}.Release|.NET 1.1.ActiveCfg = Release|Any CPU
		{74C7FD0A-DA42-4CEF-85DC-C3FBD323A543}.Release|Any CPU.ActiveCfg = Release|Any CPU
		{3E2EE397-A00B-4CE3-9E73-8FEC69641E7B}.Debug|.NET 1.1.ActiveCfg = Debug|.NET 1.1
		{3E2EE397-A00B-4CE3-9E73-8FEC69641E7B}.Debug|Any CPU.ActiveCfg = Debug|Any CPU
		{3E2EE397-A00B-4CE3-9E73-8FEC69641E7B}.Release|.NET 1.1.ActiveCfg = Release|.NET 1.1
		{3E2EE397-A00B-4CE3-9E73-8FEC69641E7B}.Release|.NET 1.1.Build.0 = Release|.NET 1.1
		{3E2EE397-A00B-4CE3-9E73-8FEC69641E7B}.Release|Any CPU.ActiveCfg = Release|Any CPU
		{A20B8DB9-182B-4930-95D4-F6692DA6AEB2}.Debug|.NET 1.1.ActiveCfg = Debug|Any CPU
		{A20B8DB9-182B-4930-95D4-F6692DA6AEB2}.Debug|Any CPU.ActiveCfg = Debug|Any CPU
		{A20B8DB9-182B-4930-95D4-F6692DA6AEB2}.Release|.NET 1.1.ActiveCfg = Release|Any CPU
		{A20B8DB9-182B-4930-95D4-F6692DA6AEB2}.Release|Any CPU.ActiveCfg = Release|Any CPU
		{B0D56C9A-1198-4E60-A0A1-D764A08EA470}.Debug|.NET 1.1.ActiveCfg = Debug|.NET 1.1
		{B0D56C9A-1198-4E60-A0A1-D764A08EA470}.Debug|Any CPU.ActiveCfg = Debug|Any CPU
		{B0D56C9A-1198-4E60-A0A1-D764A08EA470}.Debug|Any CPU.Build.0 = Debug|Any CPU
		{B0D56C9A-1198-4E60-A0A1-D764A08EA470}.Release|.NET 1.1.ActiveCfg = Release|.NET 1.1
		{B0D56C9A-1198-4E60-A0A1-D764A08EA470}.Release|.NET 1.1.Build.0 = Release|.NET 1.1
		{B0D56C9A-1198-4E60-A0A1-D764A08EA470}.Release|Any CPU.ActiveCfg = Release|Any CPU
		{B0D56C9A-1198-4E60-A0A1-D764A08EA470}.Release|Any CPU.Build.0 = Release|Any CPU
		{9A9CA364-4937-47F1-A74B-AF4669C5A4DC}.Debug|.NET 1.1.ActiveCfg = Debug|Any CPU
		{9A9CA364-4937-47F1-A74B-AF4669C5A4DC}.Debug|Any CPU.ActiveCfg = Debug|Any CPU
		{9A9CA364-4937-47F1-A74B-AF4669C5A4DC}.Release|.NET 1.1.ActiveCfg = Release|Any CPU
		{9A9CA364-4937-47F1-A74B-AF4669C5A4DC}.Release|Any CPU.ActiveCfg = Release|Any CPU
		{83DAB51C-AF7C-4BC2-BEE7-C42C342FC441}.Debug|.NET 1.1.ActiveCfg = Debug|Any CPU
		{83DAB51C-AF7C-4BC2-BEE7-C42C342FC441}.Debug|Any CPU.ActiveCfg = Debug|Any CPU
		{83DAB51C-AF7C-4BC2-BEE7-C42C342FC441}.Release|.NET 1.1.ActiveCfg = Release|Any CPU
		{83DAB51C-AF7C-4BC2-BEE7-C42C342FC441}.Release|Any CPU.ActiveCfg = Release|Any CPU
		{59AA4906-A033-4FE3-91CC-3CC5FBFA8DE1}.Debug|.NET 1.1.ActiveCfg = Debug|.NET 1.1
		{59AA4906-A033-4FE3-91CC-3CC5FBFA8DE1}.Debug|Any CPU.ActiveCfg = Debug|Any CPU
		{59AA4906-A033-4FE3-91CC-3CC5FBFA8DE1}.Debug|Any CPU.Build.0 = Debug|Any CPU
		{59AA4906-A033-4FE3-91CC-3CC5FBFA8DE1}.Release|.NET 1.1.ActiveCfg = Release|.NET 1.1
		{59AA4906-A033-4FE3-91CC-3CC5FBFA8DE1}.Release|.NET 1.1.Build.0 = Release|.NET 1.1
		{59AA4906-A033-4FE3-91CC-3CC5FBFA8DE1}.Release|Any CPU.ActiveCfg = Release|Any CPU
		{59AA4906-A033-4FE3-91CC-3CC5FBFA8DE1}.Release|Any CPU.Build.0 = Release|Any CPU
		{07F2507D-836F-4C41-87A6-9498222A65A8}.Debug|.NET 1.1.ActiveCfg = Debug|Any CPU
		{07F2507D-836F-4C41-87A6-9498222A65A8}.Debug|Any CPU.ActiveCfg = Debug|Any CPU
		{07F2507D-836F-4C41-87A6-9498222A65A8}.Release|.NET 1.1.ActiveCfg = Release|Any CPU
		{07F2507D-836F-4C41-87A6-9498222A65A8}.Release|Any CPU.ActiveCfg = Release|Any CPU
		{0B5660AE-8D08-4EEB-BE9E-7A24437003DA}.Debug|.NET 1.1.ActiveCfg = Debug|Any CPU
		{0B5660AE-8D08-4EEB-BE9E-7A24437003DA}.Debug|Any CPU.ActiveCfg = Debug|Any CPU
		{0B5660AE-8D08-4EEB-BE9E-7A24437003DA}.Release|.NET 1.1.ActiveCfg = Release|Any CPU
		{0B5660AE-8D08-4EEB-BE9E-7A24437003DA}.Release|Any CPU.ActiveCfg = Release|Any CPU
		{20C9D683-9128-4B08-B6DC-E4048479C045}.Debug|.NET 1.1.ActiveCfg = Debug|Any CPU
		{20C9D683-9128-4B08-B6DC-E4048479C045}.Debug|Any CPU.ActiveCfg = Debug|Any CPU
		{20C9D683-9128-4B08-B6DC-E4048479C045}.Release|.NET 1.1.ActiveCfg = Release|Any CPU
		{20C9D683-9128-4B08-B6DC-E4048479C045}.Release|Any CPU.ActiveCfg = Release|Any CPU
		{97388DC2-FD77-4A99-9F4D-FFDD01007C78}.Debug|.NET 1.1.ActiveCfg = Debug|Any CPU
		{97388DC2-FD77-4A99-9F4D-FFDD01007C78}.Debug|Any CPU.ActiveCfg = Debug|Any CPU
		{97388DC2-FD77-4A99-9F4D-FFDD01007C78}.Release|.NET 1.1.ActiveCfg = Release|Any CPU
		{97388DC2-FD77-4A99-9F4D-FFDD01007C78}.Release|Any CPU.ActiveCfg = Debug|Any CPU
		{80031A14-DF87-4AE6-94AE-348AA8BE0936}.Debug|.NET 1.1.ActiveCfg = Debug|.NET 1.1
		{80031A14-DF87-4AE6-94AE-348AA8BE0936}.Debug|Any CPU.ActiveCfg = Debug|Any CPU
		{80031A14-DF87-4AE6-94AE-348AA8BE0936}.Debug|Any CPU.Build.0 = Debug|Any CPU
		{80031A14-DF87-4AE6-94AE-348AA8BE0936}.Release|.NET 1.1.ActiveCfg = Release|.NET 1.1
		{80031A14-DF87-4AE6-94AE-348AA8BE0936}.Release|Any CPU.ActiveCfg = Release|Any CPU
		{80031A14-DF87-4AE6-94AE-348AA8BE0936}.Release|Any CPU.Build.0 = Release|Any CPU
		{A795794B-5076-409A-991B-F5EE9A1555FE}.Debug|.NET 1.1.ActiveCfg = Debug|.NET 1.1
		{A795794B-5076-409A-991B-F5EE9A1555FE}.Debug|Any CPU.ActiveCfg = Debug|Any CPU
		{A795794B-5076-409A-991B-F5EE9A1555FE}.Debug|Any CPU.Build.0 = Debug|Any CPU
		{A795794B-5076-409A-991B-F5EE9A1555FE}.Release|.NET 1.1.ActiveCfg = Release|.NET 1.1
		{A795794B-5076-409A-991B-F5EE9A1555FE}.Release|Any CPU.ActiveCfg = Release|Any CPU
		{A795794B-5076-409A-991B-F5EE9A1555FE}.Release|Any CPU.Build.0 = Release|Any CPU
		{458E6146-3073-4546-A30F-63B122BE4C9F}.Debug|.NET 1.1.ActiveCfg = Debug|.NET 1.1
		{458E6146-3073-4546-A30F-63B122BE4C9F}.Debug|Any CPU.ActiveCfg = Debug|Any CPU
		{458E6146-3073-4546-A30F-63B122BE4C9F}.Debug|Any CPU.Build.0 = Debug|Any CPU
		{458E6146-3073-4546-A30F-63B122BE4C9F}.Release|.NET 1.1.ActiveCfg = Release|.NET 1.1
		{458E6146-3073-4546-A30F-63B122BE4C9F}.Release|Any CPU.ActiveCfg = Release|Any CPU
		{458E6146-3073-4546-A30F-63B122BE4C9F}.Release|Any CPU.Build.0 = Release|Any CPU
		{9147F7CE-B270-449A-B6EC-E9859FD68D7D}.Debug|.NET 1.1.ActiveCfg = Debug|.NET 1.1
		{9147F7CE-B270-449A-B6EC-E9859FD68D7D}.Debug|Any CPU.ActiveCfg = Debug|Any CPU
		{9147F7CE-B270-449A-B6EC-E9859FD68D7D}.Debug|Any CPU.Build.0 = Debug|Any CPU
		{9147F7CE-B270-449A-B6EC-E9859FD68D7D}.Release|.NET 1.1.ActiveCfg = Release|.NET 1.1
		{9147F7CE-B270-449A-B6EC-E9859FD68D7D}.Release|.NET 1.1.Build.0 = Release|.NET 1.1
		{9147F7CE-B270-449A-B6EC-E9859FD68D7D}.Release|Any CPU.ActiveCfg = Release|Any CPU
		{9147F7CE-B270-449A-B6EC-E9859FD68D7D}.Release|Any CPU.Build.0 = Release|Any CPU
		{884697FF-62F6-4EBA-8B21-22D30691CDEF}.Debug|.NET 1.1.ActiveCfg = Debug|.NET 1.1
		{884697FF-62F6-4EBA-8B21-22D30691CDEF}.Debug|Any CPU.ActiveCfg = Debug|Any CPU
		{884697FF-62F6-4EBA-8B21-22D30691CDEF}.Debug|Any CPU.Build.0 = Debug|Any CPU
		{884697FF-62F6-4EBA-8B21-22D30691CDEF}.Release|.NET 1.1.ActiveCfg = Release|.NET 1.1
		{884697FF-62F6-4EBA-8B21-22D30691CDEF}.Release|Any CPU.ActiveCfg = Release|Any CPU
		{884697FF-62F6-4EBA-8B21-22D30691CDEF}.Release|Any CPU.Build.0 = Release|Any CPU
		{F41266B3-ACE6-4ABD-BE95-F94B1675BB91}.Debug|.NET 1.1.ActiveCfg = Debug|Any CPU
		{F41266B3-ACE6-4ABD-BE95-F94B1675BB91}.Debug|Any CPU.ActiveCfg = Debug|Any CPU
		{F41266B3-ACE6-4ABD-BE95-F94B1675BB91}.Debug|Any CPU.Build.0 = Debug|Any CPU
		{F41266B3-ACE6-4ABD-BE95-F94B1675BB91}.Release|.NET 1.1.ActiveCfg = Release|Any CPU
		{F41266B3-ACE6-4ABD-BE95-F94B1675BB91}.Release|.NET 1.1.Build.0 = Release|Any CPU
		{F41266B3-ACE6-4ABD-BE95-F94B1675BB91}.Release|Any CPU.ActiveCfg = Release|Any CPU
		{F41266B3-ACE6-4ABD-BE95-F94B1675BB91}.Release|Any CPU.Build.0 = Release|Any CPU
		{160AD2B8-639E-4C91-A050-C14193D7481B}.Debug|.NET 1.1.ActiveCfg = Debug|.NET 1.1
		{160AD2B8-639E-4C91-A050-C14193D7481B}.Debug|.NET 1.1.Build.0 = Debug|.NET 1.1
		{160AD2B8-639E-4C91-A050-C14193D7481B}.Debug|Any CPU.ActiveCfg = Debug|Any CPU
		{160AD2B8-639E-4C91-A050-C14193D7481B}.Debug|Any CPU.Build.0 = Debug|Any CPU
		{160AD2B8-639E-4C91-A050-C14193D7481B}.Release|.NET 1.1.ActiveCfg = Release|.NET 1.1
		{160AD2B8-639E-4C91-A050-C14193D7481B}.Release|.NET 1.1.Build.0 = Release|.NET 1.1
		{160AD2B8-639E-4C91-A050-C14193D7481B}.Release|Any CPU.ActiveCfg = Release|Any CPU
		{160AD2B8-639E-4C91-A050-C14193D7481B}.Release|Any CPU.Build.0 = Release|Any CPU
		{AEC5D271-59E7-4B6A-B0C7-07C2D637206F}.Debug|.NET 1.1.ActiveCfg = Debug|.NET 1.1
		{AEC5D271-59E7-4B6A-B0C7-07C2D637206F}.Debug|.NET 1.1.Build.0 = Debug|.NET 1.1
		{AEC5D271-59E7-4B6A-B0C7-07C2D637206F}.Debug|Any CPU.ActiveCfg = Debug|Any CPU
		{AEC5D271-59E7-4B6A-B0C7-07C2D637206F}.Debug|Any CPU.Build.0 = Debug|Any CPU
		{AEC5D271-59E7-4B6A-B0C7-07C2D637206F}.Release|.NET 1.1.ActiveCfg = Release|.NET 1.1
		{AEC5D271-59E7-4B6A-B0C7-07C2D637206F}.Release|.NET 1.1.Build.0 = Release|.NET 1.1
		{AEC5D271-59E7-4B6A-B0C7-07C2D637206F}.Release|Any CPU.ActiveCfg = Release|Any CPU
		{AEC5D271-59E7-4B6A-B0C7-07C2D637206F}.Release|Any CPU.Build.0 = Release|Any CPU
		{A690B211-007B-4D30-9E3C-8F35E432C54E}.Debug|.NET 1.1.ActiveCfg = Debug|.NET 1.1
		{A690B211-007B-4D30-9E3C-8F35E432C54E}.Debug|Any CPU.ActiveCfg = Debug|Any CPU
		{A690B211-007B-4D30-9E3C-8F35E432C54E}.Debug|Any CPU.Build.0 = Debug|Any CPU
		{A690B211-007B-4D30-9E3C-8F35E432C54E}.Release|.NET 1.1.ActiveCfg = Release|.NET 1.1
		{A690B211-007B-4D30-9E3C-8F35E432C54E}.Release|.NET 1.1.Build.0 = Release|.NET 1.1
		{A690B211-007B-4D30-9E3C-8F35E432C54E}.Release|Any CPU.ActiveCfg = Release|Any CPU
		{A690B211-007B-4D30-9E3C-8F35E432C54E}.Release|Any CPU.Build.0 = Release|Any CPU
		{1A02B89E-7A4B-440E-B9F0-086F6376D795}.Debug|.NET 1.1.ActiveCfg = Debug|.NET 1.1
		{1A02B89E-7A4B-440E-B9F0-086F6376D795}.Debug|.NET 1.1.Build.0 = Debug|.NET 1.1
		{1A02B89E-7A4B-440E-B9F0-086F6376D795}.Debug|Any CPU.ActiveCfg = Debug|Any CPU
		{1A02B89E-7A4B-440E-B9F0-086F6376D795}.Debug|Any CPU.Build.0 = Debug|Any CPU
		{1A02B89E-7A4B-440E-B9F0-086F6376D795}.Release|.NET 1.1.ActiveCfg = Release|.NET 1.1
		{1A02B89E-7A4B-440E-B9F0-086F6376D795}.Release|Any CPU.ActiveCfg = Release|Any CPU
		{1A02B89E-7A4B-440E-B9F0-086F6376D795}.Release|Any CPU.Build.0 = Release|Any CPU
		{1182F464-05FD-4EED-BDF6-C93CEBA5E529}.Debug|.NET 1.1.ActiveCfg = Debug|Any CPU
		{1182F464-05FD-4EED-BDF6-C93CEBA5E529}.Debug|Any CPU.ActiveCfg = Debug|Any CPU
		{1182F464-05FD-4EED-BDF6-C93CEBA5E529}.Debug|Any CPU.Build.0 = Debug|Any CPU
		{1182F464-05FD-4EED-BDF6-C93CEBA5E529}.Release|.NET 1.1.ActiveCfg = Release|Any CPU
		{1182F464-05FD-4EED-BDF6-C93CEBA5E529}.Release|Any CPU.ActiveCfg = Release|Any CPU
		{1182F464-05FD-4EED-BDF6-C93CEBA5E529}.Release|Any CPU.Build.0 = Release|Any CPU
		{595AC33D-2727-41D8-8DEC-5A549469B406}.Debug|.NET 1.1.ActiveCfg = Debug|.NET 1.1
		{595AC33D-2727-41D8-8DEC-5A549469B406}.Debug|.NET 1.1.Build.0 = Debug|.NET 1.1
		{595AC33D-2727-41D8-8DEC-5A549469B406}.Debug|Any CPU.ActiveCfg = Debug|Any CPU
		{595AC33D-2727-41D8-8DEC-5A549469B406}.Debug|Any CPU.Build.0 = Debug|Any CPU
		{595AC33D-2727-41D8-8DEC-5A549469B406}.Release|.NET 1.1.ActiveCfg = Release|.NET 1.1
		{595AC33D-2727-41D8-8DEC-5A549469B406}.Release|.NET 1.1.Build.0 = Release|.NET 1.1
		{595AC33D-2727-41D8-8DEC-5A549469B406}.Release|Any CPU.ActiveCfg = Release|Any CPU
		{595AC33D-2727-41D8-8DEC-5A549469B406}.Release|Any CPU.Build.0 = Release|Any CPU
		{4AAD5405-4B78-4641-A07E-AAF3F8C5B4E6}.Debug|.NET 1.1.ActiveCfg = Debug|Any CPU
		{4AAD5405-4B78-4641-A07E-AAF3F8C5B4E6}.Debug|Any CPU.ActiveCfg = Debug|Any CPU
		{4AAD5405-4B78-4641-A07E-AAF3F8C5B4E6}.Debug|Any CPU.Build.0 = Debug|Any CPU
		{4AAD5405-4B78-4641-A07E-AAF3F8C5B4E6}.Release|.NET 1.1.ActiveCfg = Debug|Any CPU
		{4AAD5405-4B78-4641-A07E-AAF3F8C5B4E6}.Release|Any CPU.ActiveCfg = Debug|Any CPU
		{4AAD5405-4B78-4641-A07E-AAF3F8C5B4E6}.Release|Any CPU.Build.0 = Debug|Any CPU
		{59ABB787-34E4-467C-87E5-26C77129097A}.Debug|.NET 1.1.ActiveCfg = Debug|Any CPU
		{59ABB787-34E4-467C-87E5-26C77129097A}.Debug|Any CPU.ActiveCfg = Debug|Any CPU
		{59ABB787-34E4-467C-87E5-26C77129097A}.Debug|Any CPU.Build.0 = Debug|Any CPU
		{59ABB787-34E4-467C-87E5-26C77129097A}.Release|.NET 1.1.ActiveCfg = Debug|Any CPU
		{59ABB787-34E4-467C-87E5-26C77129097A}.Release|Any CPU.ActiveCfg = Debug|Any CPU
		{59ABB787-34E4-467C-87E5-26C77129097A}.Release|Any CPU.Build.0 = Debug|Any CPU
		{7C0462A5-9B05-4BD1-BF8C-D3486142BAA6}.Debug|.NET 1.1.ActiveCfg = Debug|Any CPU
		{7C0462A5-9B05-4BD1-BF8C-D3486142BAA6}.Debug|Any CPU.ActiveCfg = Debug|Any CPU
		{7C0462A5-9B05-4BD1-BF8C-D3486142BAA6}.Debug|Any CPU.Build.0 = Debug|Any CPU
		{7C0462A5-9B05-4BD1-BF8C-D3486142BAA6}.Release|.NET 1.1.ActiveCfg = Debug|Any CPU
		{7C0462A5-9B05-4BD1-BF8C-D3486142BAA6}.Release|Any CPU.ActiveCfg = Debug|Any CPU
		{7C0462A5-9B05-4BD1-BF8C-D3486142BAA6}.Release|Any CPU.Build.0 = Debug|Any CPU
		{BBDCA51D-4E42-4E77-ACC8-567C0FB84933}.Debug|.NET 1.1.ActiveCfg = Debug|Any CPU
		{BBDCA51D-4E42-4E77-ACC8-567C0FB84933}.Debug|Any CPU.ActiveCfg = Debug|Any CPU
		{BBDCA51D-4E42-4E77-ACC8-567C0FB84933}.Debug|Any CPU.Build.0 = Debug|Any CPU
		{BBDCA51D-4E42-4E77-ACC8-567C0FB84933}.Release|.NET 1.1.ActiveCfg = Debug|Any CPU
		{BBDCA51D-4E42-4E77-ACC8-567C0FB84933}.Release|Any CPU.ActiveCfg = Debug|Any CPU
		{BBDCA51D-4E42-4E77-ACC8-567C0FB84933}.Release|Any CPU.Build.0 = Debug|Any CPU
		{A3132180-E4EE-4052-95BF-230CA2B6E637}.Debug|.NET 1.1.ActiveCfg = Debug|Any CPU
		{A3132180-E4EE-4052-95BF-230CA2B6E637}.Debug|Any CPU.ActiveCfg = Debug|Any CPU
		{A3132180-E4EE-4052-95BF-230CA2B6E637}.Debug|Any CPU.Build.0 = Debug|Any CPU
		{A3132180-E4EE-4052-95BF-230CA2B6E637}.Release|.NET 1.1.ActiveCfg = Debug|Any CPU
		{A3132180-E4EE-4052-95BF-230CA2B6E637}.Release|Any CPU.ActiveCfg = Debug|Any CPU
		{A3132180-E4EE-4052-95BF-230CA2B6E637}.Release|Any CPU.Build.0 = Debug|Any CPU
		{62AC19FF-AB08-437C-9E16-85CC4D0FAD11}.Debug|.NET 1.1.ActiveCfg = Debug|Any CPU
		{62AC19FF-AB08-437C-9E16-85CC4D0FAD11}.Debug|Any CPU.ActiveCfg = Debug|Any CPU
		{62AC19FF-AB08-437C-9E16-85CC4D0FAD11}.Debug|Any CPU.Build.0 = Debug|Any CPU
		{62AC19FF-AB08-437C-9E16-85CC4D0FAD11}.Release|.NET 1.1.ActiveCfg = Debug|Any CPU
		{62AC19FF-AB08-437C-9E16-85CC4D0FAD11}.Release|Any CPU.ActiveCfg = Debug|Any CPU
		{62AC19FF-AB08-437C-9E16-85CC4D0FAD11}.Release|Any CPU.Build.0 = Debug|Any CPU
		{0C997AFA-ECB6-4C60-AEE6-A5C5DF368037}.Debug|.NET 1.1.ActiveCfg = Debug|Any CPU
		{0C997AFA-ECB6-4C60-AEE6-A5C5DF368037}.Debug|Any CPU.ActiveCfg = Debug|Any CPU
		{0C997AFA-ECB6-4C60-AEE6-A5C5DF368037}.Debug|Any CPU.Build.0 = Debug|Any CPU
		{0C997AFA-ECB6-4C60-AEE6-A5C5DF368037}.Release|.NET 1.1.ActiveCfg = Release|Any CPU
		{0C997AFA-ECB6-4C60-AEE6-A5C5DF368037}.Release|Any CPU.ActiveCfg = Release|Any CPU
		{0C997AFA-ECB6-4C60-AEE6-A5C5DF368037}.Release|Any CPU.Build.0 = Release|Any CPU
		{2BDCF9AB-466A-4A15-BC57-E9D6E725A3BB}.Debug|.NET 1.1.ActiveCfg = Debug|Any CPU
		{2BDCF9AB-466A-4A15-BC57-E9D6E725A3BB}.Debug|Any CPU.ActiveCfg = Debug|Any CPU
		{2BDCF9AB-466A-4A15-BC57-E9D6E725A3BB}.Debug|Any CPU.Build.0 = Debug|Any CPU
		{2BDCF9AB-466A-4A15-BC57-E9D6E725A3BB}.Release|.NET 1.1.ActiveCfg = Release|Any CPU
		{2BDCF9AB-466A-4A15-BC57-E9D6E725A3BB}.Release|Any CPU.ActiveCfg = Release|Any CPU
		{2BDCF9AB-466A-4A15-BC57-E9D6E725A3BB}.Release|Any CPU.Build.0 = Release|Any CPU
		{EE6F9B28-5BE3-4058-86A7-110FBB6DA81A}.Debug|.NET 1.1.ActiveCfg = Debug|Any CPU
		{EE6F9B28-5BE3-4058-86A7-110FBB6DA81A}.Debug|Any CPU.ActiveCfg = Debug|Any CPU
		{EE6F9B28-5BE3-4058-86A7-110FBB6DA81A}.Debug|Any CPU.Build.0 = Debug|Any CPU
		{EE6F9B28-5BE3-4058-86A7-110FBB6DA81A}.Release|.NET 1.1.ActiveCfg = Release|Any CPU
		{EE6F9B28-5BE3-4058-86A7-110FBB6DA81A}.Release|Any CPU.ActiveCfg = Release|Any CPU
		{EE6F9B28-5BE3-4058-86A7-110FBB6DA81A}.Release|Any CPU.Build.0 = Release|Any CPU
		{2B14D260-6E25-437A-A8C2-32A0E948D63D}.Debug|.NET 1.1.ActiveCfg = Debug|Any CPU
		{2B14D260-6E25-437A-A8C2-32A0E948D63D}.Debug|Any CPU.ActiveCfg = Debug|Any CPU
		{2B14D260-6E25-437A-A8C2-32A0E948D63D}.Debug|Any CPU.Build.0 = Debug|Any CPU
		{2B14D260-6E25-437A-A8C2-32A0E948D63D}.Release|.NET 1.1.ActiveCfg = Release|Any CPU
		{2B14D260-6E25-437A-A8C2-32A0E948D63D}.Release|Any CPU.ActiveCfg = Release|Any CPU
		{2B14D260-6E25-437A-A8C2-32A0E948D63D}.Release|Any CPU.Build.0 = Release|Any CPU
	EndGlobalSection
	GlobalSection(SolutionProperties) = preSolution
		HideSolutionNode = FALSE
	EndGlobalSection
	GlobalSection(NestedProjects) = preSolution
		{AD0DAE5E-A366-49A1-9122-B2093AB16E2B} = {C91D6A34-9178-48E8-9960-6C9D710FD399}
		{BC89E437-9DC2-42DB-85BA-1D6FD1FAEDBE} = {C91D6A34-9178-48E8-9960-6C9D710FD399}
		{744AFE04-769B-447F-81B2-9B283BD8219E} = {5915E34D-25E0-4BB3-B3B3-D7FA5F71B631}
		{D4C8C890-0DF5-4612-AF4F-F82CDE0A2E04} = {5915E34D-25E0-4BB3-B3B3-D7FA5F71B631}
		{74C7FD0A-DA42-4CEF-85DC-C3FBD323A543} = {5915E34D-25E0-4BB3-B3B3-D7FA5F71B631}
		{3E2EE397-A00B-4CE3-9E73-8FEC69641E7B} = {5915E34D-25E0-4BB3-B3B3-D7FA5F71B631}
		{A20B8DB9-182B-4930-95D4-F6692DA6AEB2} = {5915E34D-25E0-4BB3-B3B3-D7FA5F71B631}
		{B0D56C9A-1198-4E60-A0A1-D764A08EA470} = {5915E34D-25E0-4BB3-B3B3-D7FA5F71B631}
		{9A9CA364-4937-47F1-A74B-AF4669C5A4DC} = {5915E34D-25E0-4BB3-B3B3-D7FA5F71B631}
		{83DAB51C-AF7C-4BC2-BEE7-C42C342FC441} = {5915E34D-25E0-4BB3-B3B3-D7FA5F71B631}
		{0B5660AE-8D08-4EEB-BE9E-7A24437003DA} = {5915E34D-25E0-4BB3-B3B3-D7FA5F71B631}
		{20C9D683-9128-4B08-B6DC-E4048479C045} = {5915E34D-25E0-4BB3-B3B3-D7FA5F71B631}
		{97388DC2-FD77-4A99-9F4D-FFDD01007C78} = {5915E34D-25E0-4BB3-B3B3-D7FA5F71B631}
		{A795794B-5076-409A-991B-F5EE9A1555FE} = {5915E34D-25E0-4BB3-B3B3-D7FA5F71B631}
		{4AAD5405-4B78-4641-A07E-AAF3F8C5B4E6} = {5915E34D-25E0-4BB3-B3B3-D7FA5F71B631}
		{59ABB787-34E4-467C-87E5-26C77129097A} = {5915E34D-25E0-4BB3-B3B3-D7FA5F71B631}
		{7C0462A5-9B05-4BD1-BF8C-D3486142BAA6} = {5915E34D-25E0-4BB3-B3B3-D7FA5F71B631}
		{BBDCA51D-4E42-4E77-ACC8-567C0FB84933} = {5915E34D-25E0-4BB3-B3B3-D7FA5F71B631}
		{A3132180-E4EE-4052-95BF-230CA2B6E637} = {5915E34D-25E0-4BB3-B3B3-D7FA5F71B631}
		{62AC19FF-AB08-437C-9E16-85CC4D0FAD11} = {5915E34D-25E0-4BB3-B3B3-D7FA5F71B631}
		{0C997AFA-ECB6-4C60-AEE6-A5C5DF368037} = {5915E34D-25E0-4BB3-B3B3-D7FA5F71B631}
		{65D87CD1-4049-446A-996C-DCEC30449CDD} = {4AA36A51-F589-4A0F-96D7-C09E6DDBAD94}
		{1A02B89E-7A4B-440E-B9F0-086F6376D795} = {4AA36A51-F589-4A0F-96D7-C09E6DDBAD94}
		{EE6F9B28-5BE3-4058-86A7-110FBB6DA81A} = {4AA36A51-F589-4A0F-96D7-C09E6DDBAD94}
		{ADB63057-43C2-4073-AED1-2401F47F140A} = {6EFF764A-0C98-4366-A9D2-3445B27A333B}
		{59AA4906-A033-4FE3-91CC-3CC5FBFA8DE1} = {6EFF764A-0C98-4366-A9D2-3445B27A333B}
		{80031A14-DF87-4AE6-94AE-348AA8BE0936} = {6EFF764A-0C98-4366-A9D2-3445B27A333B}
		{458E6146-3073-4546-A30F-63B122BE4C9F} = {6EFF764A-0C98-4366-A9D2-3445B27A333B}
		{9147F7CE-B270-449A-B6EC-E9859FD68D7D} = {6EFF764A-0C98-4366-A9D2-3445B27A333B}
		{884697FF-62F6-4EBA-8B21-22D30691CDEF} = {6EFF764A-0C98-4366-A9D2-3445B27A333B}
		{F41266B3-ACE6-4ABD-BE95-F94B1675BB91} = {6EFF764A-0C98-4366-A9D2-3445B27A333B}
		{160AD2B8-639E-4C91-A050-C14193D7481B} = {6EFF764A-0C98-4366-A9D2-3445B27A333B}
		{AEC5D271-59E7-4B6A-B0C7-07C2D637206F} = {6EFF764A-0C98-4366-A9D2-3445B27A333B}
		{A690B211-007B-4D30-9E3C-8F35E432C54E} = {6EFF764A-0C98-4366-A9D2-3445B27A333B}
		{1182F464-05FD-4EED-BDF6-C93CEBA5E529} = {6EFF764A-0C98-4366-A9D2-3445B27A333B}
		{595AC33D-2727-41D8-8DEC-5A549469B406} = {6EFF764A-0C98-4366-A9D2-3445B27A333B}
		{2BDCF9AB-466A-4A15-BC57-E9D6E725A3BB} = {6EFF764A-0C98-4366-A9D2-3445B27A333B}
		{2B14D260-6E25-437A-A8C2-32A0E948D63D} = {6EFF764A-0C98-4366-A9D2-3445B27A333B}
		{07F2507D-836F-4C41-87A6-9498222A65A8} = {99DC314B-B5A3-4B77-9C47-205C2EA23293}
	EndGlobalSection
EndGlobal
